{
  "name": "hydra-router",
  "version": "0.1.0",
  "lockfileVersion": 1,
  "requires": true,
  "dependencies": {
    "@types/lodash": {
      "version": "4.14.121",
      "resolved": "https://registry.npmjs.org/@types/lodash/-/lodash-4.14.121.tgz",
      "integrity": "sha512-ORj7IBWj13iYufXt/VXrCNMbUuCTJfhzme5kx9U/UtcIPdJYuvPDUAlHlbNhz/8lKCLy9XGIZnGrqXOtQbPGoQ==",
      "dev": true
    },
    "@types/lodash-es": {
      "version": "4.17.2",
      "resolved": "https://registry.npmjs.org/@types/lodash-es/-/lodash-es-4.17.2.tgz",
      "integrity": "sha512-Bpl6bh7kF9IdepJEfSd6g/E6OPq99jcIQP5g0xqv47P1FjLOP1+PENCy2vWvrzY+KwnnHwGAbUcTxbEr+WAnUw==",
      "dev": true,
      "requires": {
        "@types/lodash": "*"
      }
    },
    "functools-ts": {
      "version": "0.0.21",
      "resolved": "https://registry.npmjs.org/functools-ts/-/functools-ts-0.0.21.tgz",
      "integrity": "sha512-Tucf/0ipVgnNTt9OEZEgSIAFXsZAtQyRBSKEI67Yh0mgGWS/i52PKRgapqXA/zMPEEzq6mdgYAE1g7ylR/XHew=="
    },
    "lodash-es": {
      "version": "4.17.11",
      "resolved": "https://registry.npmjs.org/lodash-es/-/lodash-es-4.17.11.tgz",
      "integrity": "sha512-DHb1ub+rMjjrxqlB3H56/6MXtm1lSksDp2rA2cNWjG8mlDUYFhUj3Di2Zn5IwSU87xLv8tNIQ7sSwE/YOX/D/Q=="
    },
    "path-parser": {
      "version": "4.2.0",
      "resolved": "https://registry.npmjs.org/path-parser/-/path-parser-4.2.0.tgz",
      "integrity": "sha512-MPPZiWTTp2I72VXmGQQfsn2ohrbd9QTbZSLYNS+HXsnQ37VbiLR/szO2R7DHaZA1V1scYxuxgyQerj+6kMTXtA==",
      "requires": {
        "search-params": "2.1.3"
      }
    },
    "search-params": {
      "version": "2.1.3",
      "resolved": "https://registry.npmjs.org/search-params/-/search-params-2.1.3.tgz",
      "integrity": "sha512-hHxU9ZGWpZ/lrFBIHndSnQae2in7ra+m+tBSoeAahSWDDgOgpZqs4bfaTZpljgNgAgTbjiQoJtZW6FKSsfEcDA=="
    },
    "typescript": {
      "version": "3.3.3333",
      "resolved": "https://registry.npmjs.org/typescript/-/typescript-3.3.3333.tgz",
      "integrity": "sha512-JjSKsAfuHBE/fB2oZ8NxtRTk5iGcg6hkYXMnZ3Wc+b2RSqejEqTaem11mHASMnFilHrax3sLK0GDzcJrekZYLw==",
      "dev": true
    }
  }
}
